{
  "name": "example3",
  "version": "1.0.0",
  "lockfileVersion": 1,
  "requires": true,
  "dependencies": {
    "amitcalcapp": {
      "version": "1.0.3",
      "resolved": "https://registry.npmjs.org/amitcalcapp/-/amitcalcapp-1.0.3.tgz",
      "integrity": "sha512-957B0FDIgkjcF/JInj3Nq3m8Qlpp9u7t+ugT2iZSWQI1OWbRfl/tfpAoML8lcnR9E0r8INEYS14M3U0qk9emNQ=="
    }
  }
}
